
Microsoft Visual Studio Solution File, Format Version 12.00
# Visual Studio Version 17
VisualStudioVersion = 17.8.34408.163
MinimumVisualStudioVersion = 10.0.40219.1
Project("{9A19103F-16F7-4668-BE54-9A1E7A4F7556}") = "BookwormsOnline", "BookwormsOnline\BookwormsOnline.csproj", "{82817108-5674-49A0-8AA4-134C8E6E5C0D}"
EndProject
Global
	GlobalSection(SolutionConfigurationPlatforms) = preSolution
		Debug|Any CPU = Debug|Any CPU
		Release|Any CPU = Release|Any CPU
	EndGlobalSection
	GlobalSection(ProjectConfigurationPlatforms) = postSolution
		{82817108-5674-49A0-8AA4-134C8E6E5C0D}.Debug|Any CPU.ActiveCfg = Debug|Any CPU
		{82817108-5674-49A0-8AA4-134C8E6E5C0D}.Debug|Any CPU.Build.0 = Debug|Any CPU
		{82817108-5674-49A0-8AA4-134C8E6E5C0D}.Release|Any CPU.ActiveCfg = Release|Any CPU
		{82817108-5674-49A0-8AA4-134C8E6E5C0D}.Release|Any CPU.Build.0 = Release|Any CPU
	EndGlobalSection
	GlobalSection(SolutionProperties) = preSolution
		HideSolutionNode = FALSE
	EndGlobalSection
	GlobalSection(ExtensibilityGlobals) = postSolution
		SolutionGuid = {8ADBE64E-2E67-472E-A19E-09FC576A1C00}
	EndGlobalSection
EndGlobal
